
Microsoft Visual Studio Solution File, Format Version 12.00
# Visual Studio Version 17
VisualStudioVersion = 17.7.34202.233
MinimumVisualStudioVersion = 10.0.40219.1
Project("{FAE04EC0-301F-11D3-BF4B-00C04F79EFBC}") = "27.Proffesion", "27.Proffesion.csproj", "{4C39DD17-E497-4D3B-84F8-C75BFC1243CE}"
EndProject
Global
	GlobalSection(SolutionConfigurationPlatforms) = preSolution
		Debug|Any CPU = Debug|Any CPU
		Release|Any CPU = Release|Any CPU
	EndGlobalSection
	GlobalSection(ProjectConfigurationPlatforms) = postSolution
		{4C39DD17-E497-4D3B-84F8-C75BFC1243CE}.Debug|Any CPU.ActiveCfg = Debug|Any CPU
		{4C39DD17-E497-4D3B-84F8-C75BFC1243CE}.Debug|Any CPU.Build.0 = Debug|Any CPU
		{4C39DD17-E497-4D3B-84F8-C75BFC1243CE}.Release|Any CPU.ActiveCfg = Release|Any CPU
		{4C39DD17-E497-4D3B-84F8-C75BFC1243CE}.Release|Any CPU.Build.0 = Release|Any CPU
	EndGlobalSection
	GlobalSection(SolutionProperties) = preSolution
		HideSolutionNode = FALSE
	EndGlobalSection
	GlobalSection(ExtensibilityGlobals) = postSolution
		SolutionGuid = {5834958E-1F77-4E60-8688-DA649D4493CA}
	EndGlobalSection
EndGlobal
